
Microsoft Visual Studio Solution File, Format Version 12.00
# Visual Studio Version 16
VisualStudioVersion = 16.0.31729.503
MinimumVisualStudioVersion = 10.0.40219.1
Project("{9A19103F-16F7-4668-BE54-9A1E7A4F7556}") = "inventory", "inventory\inventory.csproj", "{86785692-E792-4E64-AE65-245895A84C4F}"
EndProject
Global
	GlobalSection(SolutionConfigurationPlatforms) = preSolution
		Debug|Any CPU = Debug|Any CPU
		Release|Any CPU = Release|Any CPU
	EndGlobalSection
	GlobalSection(ProjectConfigurationPlatforms) = postSolution
		{86785692-E792-4E64-AE65-245895A84C4F}.Debug|Any CPU.ActiveCfg = Debug|Any CPU
		{86785692-E792-4E64-AE65-245895A84C4F}.Debug|Any CPU.Build.0 = Debug|Any CPU
		{86785692-E792-4E64-AE65-245895A84C4F}.Release|Any CPU.ActiveCfg = Release|Any CPU
		{86785692-E792-4E64-AE65-245895A84C4F}.Release|Any CPU.Build.0 = Release|Any CPU
	EndGlobalSection
	GlobalSection(SolutionProperties) = preSolution
		HideSolutionNode = FALSE
	EndGlobalSection
	GlobalSection(ExtensibilityGlobals) = postSolution
		SolutionGuid = {C8C59293-E2E2-479F-AE0C-9C9BDABF2760}
	EndGlobalSection
EndGlobal
